<?xml version="1.0" encoding="utf-8"?>
<Project ToolsVersion="4.0" xmlns="http://schemas.microsoft.com/developer/msbuild/2003">
  <ItemGroup>
    <Filter Include="Source Files">
      <UniqueIdentifier>{4FC737F1-C7A5-4376-A066-2A32D752A2FF}</UniqueIdentifier>
      <Extensions>cpp;c;cc;cxx;c++;cppm;ixx;def;odl;idl;hpj;bat;asm;asmx</Extensions>
    </Filter>
    <Filter Include="Header Files">
      <UniqueIdentifier>{93995380-89BD-4b04-88EB-625FBE52EBFB}</UniqueIdentifier>
      <Extensions>h;hh;hpp;hxx;h++;hm;inl;inc;ipp;xsd</Extensions>
    </Filter>
    <Filter Include="Resource Files">
      <UniqueIdentifier>{67DA6AB6-F800-4c08-8B7A-83BB121AAD01}</UniqueIdentifier>
      <Extensions>rc;ico;cur;bmp;dlg;rc2;rct;bin;rgs;gif;jpg;jpeg;jpe;resx;tiff;tif;png;wav;mfcribbon-ms</Extensions>
    </Filter>
    <Filter Include="Header Files\Lib">
      <UniqueIdentifier>{0874fb6b-5bfe-42f0-8134-339393b8e273}</UniqueIdentifier>
    </Filter>
    <Filter Include="Header Files\Core Features">
      <UniqueIdentifier>{f0091d21-8182-445a-8790-48d45058bc90}</UniqueIdentifier>
    </Filter>
    <Filter Include="Header Files\Ui">
      <UniqueIdentifier>{ea3d0e1c-54df-491f-b75c-97ceffca6b23}</UniqueIdentifier>
    </Filter>
    <Filter Include="Header Files\Screens">
      <UniqueIdentifier>{27a613b5-9bf3-46dd-a995-508f60a4c505}</UniqueIdentifier>
    </Filter>
    <Filter Include="Header Files\Screens\MainMenu">
      <UniqueIdentifier>{1ee34dab-6763-4e92-b2b3-aa8246c3cf70}</UniqueIdentifier>
    </Filter>
  </ItemGroup>
  <ItemGroup>
    <ClCompile Include="Bank System Ready To Use Ver.cpp">
      <Filter>Source Files</Filter>
    </ClCompile>
  </ItemGroup>
  <ItemGroup>
    <ClInclude Include="Lib\AllStuff.h">
      <Filter>Header Files\Lib</Filter>
    </ClInclude>
    <ClInclude Include="Lib\clsDate.h">
      <Filter>Header Files\Lib</Filter>
    </ClInclude>
    <ClInclude Include="Lib\clsInputAndVaildation.h">
      <Filter>Header Files\Lib</Filter>
    </ClInclude>
    <ClInclude Include="Lib\clsString.h">
      <Filter>Header Files\Lib</Filter>
    </ClInclude>
    <ClInclude Include="Lib\clsUtillity.h">
      <Filter>Header Files\Lib</Filter>
    </ClInclude>
    <ClInclude Include="Lib\logic_stuff.h">
      <Filter>Header Files\Lib</Filter>
    </ClInclude>
    <ClInclude Include="Core Features\clsBankClient.h">
      <Filter>Header Files\Core Features</Filter>
    </ClInclude>
    <ClInclude Include="Core Features\clsManageClientBalanceAccount.h">
      <Filter>Header Files\Core Features</Filter>
    </ClInclude>
    <ClInclude Include="Core Features\clsPerson.h">
      <Filter>Header Files\Core Features</Filter>
    </ClInclude>
    <ClInclude Include="Core Features\clsUser.h">
      <Filter>Header Files\Core Features</Filter>
    </ClInclude>
    <ClInclude Include="Core Features\Global.h">
      <Filter>Header Files\Core Features</Filter>
    </ClInclude>
    <ClInclude Include="Ui\clsMainMenuUi.h">
      <Filter>Header Files\Ui</Filter>
    </ClInclude>
    <ClInclude Include="Ui\clsManageUsersMenuUi.h">
      <Filter>Header Files\Ui</Filter>
    </ClInclude>
    <ClInclude Include="Ui\clsTransactionMenuUi.h">
      <Filter>Header Files\Ui</Filter>
    </ClInclude>
    <ClInclude Include="Screens\Main Menu\clsAddNewClientScreen.h">
      <Filter>Header Files\Screens\MainMenu</Filter>
    </ClInclude>
    <ClInclude Include="Screens\Main Menu\clsDepositScreen.h">
      <Filter>Header Files\Screens\MainMenu</Filter>
    </ClInclude>
    <ClInclude Include="Screens\Main Menu\clsFindAccountBalanceScreen.h">
      <Filter>Header Files\Screens\MainMenu</Filter>
    </ClInclude>
    <ClInclude Include="Screens\Main Menu\clsFindClientScreen.h">
      <Filter>Header Files\Screens\MainMenu</Filter>
    </ClInclude>
    <ClInclude Include="Screens\Main Menu\clsLoginHistoryScreen.h">
      <Filter>Header Files\Screens\MainMenu</Filter>
    </ClInclude>
    <ClInclude Include="Screens\Main Menu\clsLogOfTransfer.h">
      <Filter>Header Files\Screens\MainMenu</Filter>
    </ClInclude>
    <ClInclude Include="Screens\Main Menu\clsLogOfTransferScreen.h">
      <Filter>Header Files\Screens\MainMenu</Filter>
    </ClInclude>
    <ClInclude Include="Screens\Main Menu\clsShowDeleteScreen.h">
      <Filter>Header Files\Screens\MainMenu</Filter>
    </ClInclude>
    <ClInclude Include="Screens\Main Menu\clsShowListScreen.h">
      <Filter>Header Files\Screens\MainMenu</Filter>
    </ClInclude>
    <ClInclude Include="Screens\Main Menu\clsShowUpdateClientScreen.h">
      <Filter>Header Files\Screens\MainMenu</Filter>
    </ClInclude>
    <ClInclude Include="Screens\Main Menu\clsTotalBalancesScreen.h">
      <Filter>Header Files\Screens\MainMenu</Filter>
    </ClInclude>
    <ClInclude Include="Screens\Main Menu\clsTransferBetween2Clients.h">
      <Filter>Header Files\Screens\MainMenu</Filter>
    </ClInclude>
    <ClInclude Include="Screens\Main Menu\clsUtilAddNewClientOrUpdate.h">
      <Filter>Header Files\Screens\MainMenu</Filter>
    </ClInclude>
    <ClInclude Include="Screens\Main Menu\clsUtilBoolFindClient.h">
      <Filter>Header Files\Screens\MainMenu</Filter>
    </ClInclude>
    <ClInclude Include="Screens\Main Menu\clsUtilGetOut.h">
      <Filter>Header Files\Screens\MainMenu</Filter>
    </ClInclude>
    <ClInclude Include="Screens\Main Menu\clsUtilPrintClientBalance.h">
      <Filter>Header Files\Screens\MainMenu</Filter>
    </ClInclude>
    <ClInclude Include="Screens\Main Menu\clsUtilPrintClientData.h">
      <Filter>Header Files\Screens\MainMenu</Filter>
    </ClInclude>
    <ClInclude Include="Screens\Main Menu\clsWithDrawScreen.h">
      <Filter>Header Files\Screens\MainMenu</Filter>
    </ClInclude>
    <ClInclude Include="Screens\Main Menu\clsScreen.h">
      <Filter>Header Files\Screens</Filter>
    </ClInclude>
  </ItemGroup>
</Project>